# THIS IS AN AUTOGENERATED FILE. DO NOT EDIT THIS FILE DIRECTLY.
# yarn lockfile v1


axios@^0.18.0:
  version "0.18.1"
  resolved "https://registry.yarnpkg.com/axios/-/axios-0.18.1.tgz#ff3f0de2e7b5d180e757ad98000f1081b87bcea3"
  dependencies:
    follow-redirects "1.5.10"
    is-buffer "^2.0.2"

debug@=3.1.0:
  version "3.1.0"
  resolved "https://registry.yarnpkg.com/debug/-/debug-3.1.0.tgz#5bb5a0672628b64149566ba16819e61518c67261"
  dependencies:
    ms "2.0.0"

follow-redirects@1.5.10:
  version "1.5.10"
  resolved "https://registry.yarnpkg.com/follow-redirects/-/follow-redirects-1.5.10.tgz#7b7a9f9aea2fdff36786a94ff643ed07f4ff5e2a"
  dependencies:
    debug "=3.1.0"

highlight.js@^10.1.2:
  version "10.1.2"
  resolved "https://registry.yarnpkg.com/highlight.js/-/highlight.js-10.1.2.tgz#c20db951ba1c22c055010648dfffd7b2a968e00c"

is-buffer@^2.0.2:
  version "2.0.5"
  resolved "https://registry.yarnpkg.com/is-buffer/-/is-buffer-2.0.5.tgz#ebc252e400d22ff8d77fa09888821a24a658c191"

marked@^0.5.2:
  version "0.5.2"
  resolved "https://registry.yarnpkg.com/marked/-/marked-0.5.2.tgz#3efdb27b1fd0ecec4f5aba362bddcd18120e5ba9"

ms@2.0.0:
  version "2.0.0"
  resolved "https://registry.yarnpkg.com/ms/-/ms-2.0.0.tgz#5608aeadfc00be6c2901df5f9861788de0d597c8"

vue-router@^3.0.1:
  version "3.0.1"
  resolved "https://registry.yarnpkg.com/vue-router/-/vue-router-3.0.1.tgz#d9b05ad9c7420ba0f626d6500d693e60092cc1e9"

vue@^2.5.17:
  version "2.6.12"
  resolved "https://registry.yarnpkg.com/vue/-/vue-2.6.12.tgz#f5ebd4fa6bd2869403e29a896aed4904456c9123"
